# This file is automatically @generated by Cargo.
# It is not intended for manual editing.
version = 4

[[package]]
name = "anstream"
version = "1.0.0"
source = "registry+https://github.com/rust-lang/crates.io-index"
checksum = "824a212faf96e9acacdbd09febd34438f8f711fb84e09a8916013cd7815ca28d"
dependencies = [
 "anstyle",
 "anstyle-parse",
 "anstyle-query",
 "anstyle-wincon",
 "colorchoice",
 "is_terminal_polyfill",
 "utf8parse",
]

[[package]]
name = "anstyle"
version = "1.0.14"
source = "registry+https://github.com/rust-lang/crates.io-index"
checksum = "940b3a0ca603d1eade50a4846a2afffd5ef57a9feac2c0e2ec2e14f9ead76000"

[[package]]
name = "anstyle-parse"
version = "1.0.0"
source = "registry+https://github.com/rust-lang/crates.io-index"
checksum = "52ce7f38b242319f7cabaa6813055467063ecdc9d355bbb4ce0c68908cd8130e"
dependencies = [
 "utf8parse",
]

[[package]]
name = "anstyle-query"
version = "1.1.5"
source = "registry+https://github.com/rust-lang/crates.io-index"
checksum = "40c48f72fd53cd289104fc64099abca73db4166ad86ea0b4341abe65af83dadc"
dependencies = [
 "windows-sys",
]

[[package]]
name = "anstyle-wincon"
version = "3.0.11"
source = "registry+https://github.com/rust-lang/crates.io-index"
checksum = "291e6a250ff86cd4a820112fb8898808a366d8f9f58ce16d1f538353ad55747d"
dependencies = [
 "anstyle",
 "once_cell_polyfill",
 "windows-sys",
]

[[package]]
name = "autocfg"
version = "1.5.1"
source = "registry+https://github.com/rust-lang/crates.io-index"
checksum = "f2032f911046de80f0a198e0901378627c33f59ea0ac00e363d481118bd70a53"

[[package]]
name = "az"
version = "1.3.0"
source = "registry+https://github.com/rust-lang/crates.io-index"
checksum = "be5eb007b7cacc6c660343e96f650fedf4b5a77512399eb952ca6642cf8d13f7"

[[package]]
name = "bigint-benchmark"
version = "0.5.0"
dependencies = [
 "clap",
 "dashu",
 "ibig",
 "malachite",
 "num-bigint",
 "rug",
]

[[package]]
name = "bytemuck"
version = "1.25.1"
source = "registry+https://github.com/rust-lang/crates.io-index"
checksum = "d6aedf8ae72766347502cf3cb4f41cf5e9cc37d28bee90f1fdaaae15f9cf9424"

[[package]]
name = "cfg-if"
version = "1.0.4"
source = "registry+https://github.com/rust-lang/crates.io-index"
checksum = "9330f8b2ff13f34540b44e946ef35111825727b38d33286ef986142615121801"

[[package]]
name = "clap"
version = "4.6.2"
source = "registry+https://github.com/rust-lang/crates.io-index"
checksum = "dd059f9da4f5c36b3787f65d38ccaab1cc315f07b01f89abc8359ee6a8205011"
dependencies = [
 "clap_builder",
]

[[package]]
name = "clap_builder"
version = "4.6.2"
source = "registry+https://github.com/rust-lang/crates.io-index"
checksum = "f09628afdcc538b57f3c6341e9c8e9970f18e4a481690a64974d7023bd33548b"
dependencies = [
 "anstream",
 "anstyle",
 "clap_lex",
 "strsim",
]

[[package]]
name = "clap_lex"
version = "1.1.0"
source = "registry+https://github.com/rust-lang/crates.io-index"
checksum = "c8d4a3bb8b1e0c1050499d1815f5ab16d04f0959b233085fb31653fbfc9d98f9"

[[package]]
name = "colorchoice"
version = "1.0.5"
source = "registry+https://github.com/rust-lang/crates.io-index"
checksum = "1d07550c9036bf2ae0c684c4297d503f838287c83c53686d05370d0e139ae570"

[[package]]
name = "dashu"
version = "0.5.0"
source = "registry+https://github.com/rust-lang/crates.io-index"
checksum = "2df15fa8df6dc6eab554b3b8c70ae20078917c4baf6146f340e1d54bef16d8af"
dependencies = [
 "dashu-base",
 "dashu-cmplx",
 "dashu-float",
 "dashu-int",
 "dashu-macros",
 "dashu-ratio",
 "rustversion",
]

[[package]]
name = "dashu-base"
version = "0.5.0"
source = "registry+https://github.com/rust-lang/crates.io-index"
checksum = "98a4867772ef92740ddb786be2aa7407f6588c2f5713cfa3e7ec747dc3a8a221"

[[package]]
name = "dashu-cmplx"
version = "0.5.0"
source = "registry+https://github.com/rust-lang/crates.io-index"
checksum = "98abeb9ecf023c24f845d67ad9a3997915ec98c18b1e2960ddd59534b9824ad7"
dependencies = [
 "dashu-base",
 "dashu-float",
 "dashu-int",
 "num-modular",
 "num-order",
 "rustversion",
]

[[package]]
name = "dashu-float"
version = "0.5.0"
source = "registry+https://github.com/rust-lang/crates.io-index"
checksum = "d43bcba9866582229a8832840158b2ef08fe1b5a803939e765eecc44a572cf39"
dependencies = [
 "dashu-base",
 "dashu-int",
 "num-modular",
 "num-order",
 "rustversion",
 "static_assertions",
]

[[package]]
name = "dashu-int"
version = "0.5.0"
source = "registry+https://github.com/rust-lang/crates.io-index"
checksum = "09237178fe9f89615eb6ba5516fc8c061a4fb203e9550f823f8fbcc4c30e3520"
dependencies = [
 "cfg-if",
 "dashu-base",
 "num-modular",
 "num-order",
 "rustversion",
 "static_assertions",
]

[[package]]
name = "dashu-macros"
version = "0.5.0"
source = "registry+https://github.com/rust-lang/crates.io-index"
checksum = "7dbbab6193aed0fabaef8f70cdda0ab9eef4a5ad23c0bbaf47f6df2c164d6163"
dependencies = [
 "dashu-base",
 "dashu-cmplx",
 "dashu-float",
 "dashu-int",
 "dashu-ratio",
 "pastey",
 "proc-macro2",
 "quote",
 "rustversion",
]

[[package]]
name = "dashu-ratio"
version = "0.5.0"
source = "registry+https://github.com/rust-lang/crates.io-index"
checksum = "6e68541445d699183b0e8287002ad43f1867379b3123fc78711ebba3dad2659c"
dependencies = [
 "dashu-base",
 "dashu-float",
 "dashu-int",
 "num-modular",
 "num-order",
 "rustversion",
]

[[package]]
name = "either"
version = "1.16.0"
source = "registry+https://github.com/rust-lang/crates.io-index"
checksum = "91622ff5e7162018101f2fea40d6ebf4a78bbe5a49736a2020649edf9693679e"

[[package]]
name = "foldhash"
version = "0.2.0"
source = "registry+https://github.com/rust-lang/crates.io-index"
checksum = "77ce24cb58228fbb8aa041425bb1050850ac19177686ea6e0f41a70416f56fdb"

[[package]]
name = "gmp-mpfr-sys"
version = "1.7.1"
source = "registry+https://github.com/rust-lang/crates.io-index"
checksum = "7db155b537cb791b133341f99f68371d86ee7fa4c79aacfbc376d72d23c70531"
dependencies = [
 "libc",
 "windows-sys",
]

[[package]]
name = "hashbrown"
version = "0.16.1"
source = "registry+https://github.com/rust-lang/crates.io-index"
checksum = "841d1cc9bed7f9236f321df977030373f4a4163ae1a7dbfe1a51a2c1a51d9100"
dependencies = [
 "foldhash",
]

[[package]]
name = "ibig"
version = "0.3.6"
source = "registry+https://github.com/rust-lang/crates.io-index"
checksum = "d1fcc7f316b2c079dde77564a1360639c1a956a23fa96122732e416cb10717bb"
dependencies = [
 "cfg-if",
 "num-traits",
 "rand",
 "static_assertions",
]

[[package]]
name = "is_terminal_polyfill"
version = "1.70.2"
source = "registry+https://github.com/rust-lang/crates.io-index"
checksum = "a6cb138bb79a146c1bd460005623e142ef0181e3d0219cb493e02f7d08a35695"

[[package]]
name = "itertools"
version = "0.14.0"
source = "registry+https://github.com/rust-lang/crates.io-index"
checksum = "2b192c782037fadd9cfa75548310488aabdbf3d2da73885b31bd0abd03351285"
dependencies = [
 "either",
]

[[package]]
name = "libc"
version = "0.2.186"
source = "registry+https://github.com/rust-lang/crates.io-index"
checksum = "68ab91017fe16c622486840e4c83c9a37afeff978bd239b5293d61ece587de66"

[[package]]
name = "libm"
version = "0.2.16"
source = "registry+https://github.com/rust-lang/crates.io-index"
checksum = "b6d2cec3eae94f9f509c767b45932f1ada8350c4bdb85af2fcab4a3c14807981"

[[package]]
name = "malachite"
version = "0.9.2"
source = "registry+https://github.com/rust-lang/crates.io-index"
checksum = "bba00455c89cf785ef73a0dfc941ab3c21211963c86130c0bd48d7994b942707"
dependencies = [
 "malachite-base",
 "malachite-float",
 "malachite-nz",
 "malachite-q",
]

[[package]]
name = "malachite-base"
version = "0.9.2"
source = "registry+https://github.com/rust-lang/crates.io-index"
checksum = "a4f44099731f17094b07825c88ccb5fbd1bfa1f82fafff7daa33e8b8652db16e"
dependencies = [
 "hashbrown",
 "itertools",
 "libm",
 "ryu",
]

[[package]]
name = "malachite-float"
version = "0.9.2"
source = "registry+https://github.com/rust-lang/crates.io-index"
checksum = "a23982acc6f68aa384504a44d112f42fc82207035272f23485220a861e2cf1af"
dependencies = [
 "itertools",
 "malachite-base",
 "malachite-nz",
 "malachite-q",
]

[[package]]
name = "malachite-nz"
version = "0.9.2"
source = "registry+https://github.com/rust-lang/crates.io-index"
checksum = "a137660cdba20f136c8a223125f08088adb4e0b72fbb8466f08c43e31cc0427d"
dependencies = [
 "itertools",
 "libm",
 "malachite-base",
 "wide",
]

[[package]]
name = "malachite-q"
version = "0.9.2"
source = "registry+https://github.com/rust-lang/crates.io-index"
checksum = "5ffcbeed95e34c0fcc3864ccd146e129cbbf7de1513d3afbcfb47c7674c82d94"
dependencies = [
 "itertools",
 "libm",
 "malachite-base",
 "malachite-nz",
]

[[package]]
name = "num-bigint"
version = "0.5.1"
source = "registry+https://github.com/rust-lang/crates.io-index"
checksum = "93e7820bc0a80a0238e650327316f929ba18d5be054b647490a3a6a339f3e7c0"
dependencies = [
 "num-integer",
 "num-traits",
]

[[package]]
name = "num-integer"
version = "0.1.46"
source = "registry+https://github.com/rust-lang/crates.io-index"
checksum = "7969661fd2958a5cb096e56c8e1ad0444ac2bbcd0061bd28660485a44879858f"
dependencies = [
 "num-traits",
]

[[package]]
name = "num-modular"
version = "0.6.4"
source = "registry+https://github.com/rust-lang/crates.io-index"
checksum = "fc41a1374056e9672221567958a66c16be12d0e2c1b408761e14d901c237d5e0"

[[package]]
name = "num-order"
version = "1.2.0"
source = "registry+https://github.com/rust-lang/crates.io-index"
checksum = "537b596b97c40fcf8056d153049eb22f481c17ebce72a513ec9286e4986d1bb6"
dependencies = [
 "num-modular",
]

[[package]]
name = "num-traits"
version = "0.2.19"
source = "registry+https://github.com/rust-lang/crates.io-index"
checksum = "071dfc062690e90b734c0b2273ce72ad0ffa95f0c74596bc250dcfd960262841"
dependencies = [
 "autocfg",
]

[[package]]
name = "once_cell_polyfill"
version = "1.70.2"
source = "registry+https://github.com/rust-lang/crates.io-index"
checksum = "384b8ab6d37215f3c5301a95a4accb5d64aa607f1fcb26a11b5303878451b4fe"

[[package]]
name = "pastey"
version = "0.2.3"
source = "registry+https://github.com/rust-lang/crates.io-index"
checksum = "2ee67f1008b1ba2321834326597b8e186293b049a023cdef258527550b9935b4"

[[package]]
name = "proc-macro2"
version = "1.0.106"
source = "registry+https://github.com/rust-lang/crates.io-index"
checksum = "8fd00f0bb2e90d81d1044c2b32617f68fcb9fa3bb7640c23e9c748e53fb30934"
dependencies = [
 "unicode-ident",
]

[[package]]
name = "quote"
version = "1.0.46"
source = "registry+https://github.com/rust-lang/crates.io-index"
checksum = "dfbc457d0c7a0759a614551b11a6409e5951f6c7537be1f1b7682b9ae9230368"
dependencies = [
 "proc-macro2",
]

[[package]]
name = "rand"
version = "0.8.5"
source = "registry+https://github.com/rust-lang/crates.io-index"
checksum = "34af8d1a0e25924bc5b7c43c079c942339d8f0a8b57c39049bef581b46327404"
dependencies = [
 "rand_core",
]

[[package]]
name = "rand_core"
version = "0.6.4"
source = "registry+https://github.com/rust-lang/crates.io-index"
checksum = "ec0be4795e2f6a28069bec0b5ff3e2ac9bafc99e6a9a7dc3547996c5c816922c"

[[package]]
name = "rug"
version = "1.30.0"
source = "registry+https://github.com/rust-lang/crates.io-index"
checksum = "07a8857882aec59d27254b02481c709327c13de6fad1da60bfc4f9783eaaa61e"
dependencies = [
 "az",
 "gmp-mpfr-sys",
 "libc",
 "libm",
]

[[package]]
name = "rustversion"
version = "1.0.22"
source = "registry+https://github.com/rust-lang/crates.io-index"
checksum = "b39cdef0fa800fc44525c84ccb54a029961a8215f9619753635a9c0d2538d46d"

[[package]]
name = "ryu"
version = "1.0.23"
source = "registry+https://github.com/rust-lang/crates.io-index"
checksum = "9774ba4a74de5f7b1c1451ed6cd5285a32eddb5cccb8cc655a4e50009e06477f"

[[package]]
name = "safe_arch"
version = "1.0.0"
source = "registry+https://github.com/rust-lang/crates.io-index"
checksum = "1f7caad094bd561859bcd467734a720c3c1f5d1f338995351fefe2190c45efed"
dependencies = [
 "bytemuck",
]

[[package]]
name = "static_assertions"
version = "1.1.0"
source = "registry+https://github.com/rust-lang/crates.io-index"
checksum = "a2eb9349b6444b326872e140eb1cf5e7c522154d69e7a0ffb0fb81c06b37543f"

[[package]]
name = "strsim"
version = "0.11.1"
source = "registry+https://github.com/rust-lang/crates.io-index"
checksum = "7da8b5736845d9f2fcb837ea5d9e2628564b3b043a70948a3f0b778838c5fb4f"

[[package]]
name = "unicode-ident"
version = "1.0.24"
source = "registry+https://github.com/rust-lang/crates.io-index"
checksum = "e6e4313cd5fcd3dad5cafa179702e2b244f760991f45397d14d4ebf38247da75"

[[package]]
name = "utf8parse"
version = "0.2.2"
source = "registry+https://github.com/rust-lang/crates.io-index"
checksum = "06abde3611657adf66d383f00b093d7faecc7fa57071cce2578660c9f1010821"

[[package]]
name = "wide"
version = "1.5.0"
source = "registry+https://github.com/rust-lang/crates.io-index"
checksum = "dfdfe6a32973f2d1b268b8895845a8a96cac2f0191e72c27cc929036060dbf89"
dependencies = [
 "bytemuck",
 "safe_arch",
]

[[package]]
name = "windows-link"
version = "0.2.1"
source = "registry+https://github.com/rust-lang/crates.io-index"
checksum = "f0805222e57f7521d6a62e36fa9163bc891acd422f971defe97d64e70d0a4fe5"

[[package]]
name = "windows-sys"
version = "0.61.2"
source = "registry+https://github.com/rust-lang/crates.io-index"
checksum = "ae137229bcbd6cdf0f7b80a31df61766145077ddf49416a728b02cb3921ff3fc"
dependencies = [
 "windows-link",
]
